// !$*UTF8*$!
{
	archiveVersion = 1;
	classes = {
	};
	objectVersion = 50;
	objects = {

/* Begin PBXBuildFile section */
		DC64411923AE13C0004A063A /* AppDelegate.swift in Sources */ = {isa = PBXBuildFile; fileRef = DC64411823AE13C0004A063A /* AppDelegate.swift */; };
		DC64411B23AE13C0004A063A /* SceneDelegate.swift in Sources */ = {isa = PBXBuildFile; fileRef = DC64411A23AE13C0004A063A /* SceneDelegate.swift */; };
		DC64411D23AE13C1004A063A /* ViewController.swift in Sources */ = {isa = PBXBuildFile; fileRef = DC64411C23AE13C1004A063A /* ViewController.swift */; };
		DC64412023AE13C1004A063A /* Main.storyboard in Resources */ = {isa = PBXBuildFile; fileRef = DC64411E23AE13C1004A063A /* Main.storyboard */; };
		DC64412223AE13C2004A063A /* Assets.xcassets in Resources */ = {isa = PBXBuildFile; fileRef = DC64412123AE13C2004A063A /* Assets.xcassets */; };
		DC64412523AE13C2004A063A /* LaunchScreen.storyboard in Resources */ = {isa = PBXBuildFile; fileRef = DC64412323AE13C2004A063A /* LaunchScreen.storyboard */; };
		DC9EF6BA23AF4B340095CF35 /* User.swift in Sources */ = {isa = PBXBuildFile; fileRef = DC9EF6B923AF4B340095CF35 /* User.swift */; };
		DC9EF6BC23AF4B820095CF35 /* AuthenticationVM.swift in Sources */ = {isa = PBXBuildFile; fileRef = DC9EF6BB23AF4B820095CF35 /* AuthenticationVM.swift */; };
/* End PBXBuildFile section */

/* Begin PBXFileReference section */
		DC64411523AE13C0004A063A /* MVVM-DesignPattern.app */ = {isa = PBXFileReference; explicitFileType = wrapper.application; includeInIndex = 0; path = "MVVM-DesignPattern.app"; sourceTree = BUILT_PRODUCTS_DIR; };
		DC64411823AE13C0004A063A /* AppDelegate.swift */ = {isa = PBXFileReference; lastKnownFileType = sourcecode.swift; path = AppDelegate.swift; sourceTree = "<group>"; };
		DC64411A23AE13C0004A063A /* SceneDelegate.swift */ = {isa = PBXFileReference; lastKnownFileType = sourcecode.swift; path = SceneDelegate.swift; sourceTree = "<group>"; };
		DC64411C23AE13C1004A063A /* ViewController.swift */ = {isa = PBXFileReference; lastKnownFileType = sourcecode.swift; path = ViewController.swift; sourceTree = "<group>"; };
		DC64411F23AE13C1004A063A /* Base */ = {isa = PBXFileReference; lastKnownFileType = file.storyboard; name = Base; path = Base.lproj/Main.storyboard; sourceTree = "<group>"; };
		DC64412123AE13C2004A063A /* Assets.xcassets */ = {isa = PBXFileReference; lastKnownFileType = folder.assetcatalog; path = Assets.xcassets; sourceTree = "<group>"; };
		DC64412423AE13C2004A063A /* Base */ = {isa = PBXFileReference; lastKnownFileType = file.storyboard; name = Base; path = Base.lproj/LaunchScreen.storyboard; sourceTree = "<group>"; };
		DC64412623AE13C2004A063A /* Info.plist */ = {isa = PBXFileReference; lastKnownFileType = text.plist.xml; path = Info.plist; sourceTree = "<group>"; };
		DC9EF6B923AF4B340095CF35 /* User.swift */ = {isa = PBXFileReference; lastKnownFileType = sourcecode.swift; path = User.swift; sourceTree = "<group>"; };
		DC9EF6BB23AF4B820095CF35 /* AuthenticationVM.swift */ = {isa = PBXFileReference; lastKnownFileType = sourcecode.swift; path = AuthenticationVM.swift; sourceTree = "<group>"; };
/* End PBXFileReference section */

/* Begin PBXFrameworksBuildPhase section */
		DC64411223AE13C0004A063A /* Frameworks */ = {
			isa = PBXFrameworksBuildPhase;
			buildActionMask = 2147483647;
			files = (
			);
			runOnlyForDeploymentPostprocessing = 0;
		};
/* End PBXFrameworksBuildPhase section */

/* Begin PBXGroup section */
		DC64410C23AE13C0004A063A = {
			isa = PBXGroup;
			children = (
				DC64411723AE13C0004A063A /* MVVM-DesignPattern */,
				DC64411623AE13C0004A063A /* Products */,
			);
			sourceTree = "<group>";
		};
		DC64411623AE13C0004A063A /* Products */ = {
			isa = PBXGroup;
			children = (
				DC64411523AE13C0004A063A /* MVVM-DesignPattern.app */,
			);
			name = Products;
			sourceTree = "<group>";
		};
		DC64411723AE13C0004A063A /* MVVM-DesignPattern */ = {
			isa = PBXGroup;
			children = (
				DC64411823AE13C0004A063A /* AppDelegate.swift */,
				DC64411A23AE13C0004A063A /* SceneDelegate.swift */,
				DC64411C23AE13C1004A063A /* ViewController.swift */,
				DC9EF6BB23AF4B820095CF35 /* AuthenticationVM.swift */,
				DC9EF6B923AF4B340095CF35 /* User.swift */,
				DC64411E23AE13C1004A063A /* Main.storyboard */,
				DC64412123AE13C2004A063A /* Assets.xcassets */,
				DC64412323AE13C2004A063A /* LaunchScreen.storyboard */,
				DC64412623AE13C2004A063A /* Info.plist */,
			);
			path = "MVVM-DesignPattern";
			sourceTree = "<group>";
		};
/* End PBXGroup section */

/* Begin PBXNativeTarget section */
		DC64411423AE13C0004A063A /* MVVM-DesignPattern */ = {
			isa = PBXNativeTarget;
			buildConfigurationList = DC64412923AE13C2004A063A /* Build configuration list for PBXNativeTarget "MVVM-DesignPattern" */;
			buildPhases = (
				DC64411123AE13C0004A063A /* Sources */,
				DC64411223AE13C0004A063A /* Frameworks */,
				DC64411323AE13C0004A063A /* Resources */,
			);
			buildRules = (
			);
			dependencies = (
			);
			name = "MVVM-DesignPattern";
			productName = "MVVM-DesignPattern";
			productReference = DC64411523AE13C0004A063A /* MVVM-DesignPattern.app */;
			productType = "com.apple.product-type.application";
		};
/* End PBXNativeTarget section */

/* Begin PBXProject section */
		DC64410D23AE13C0004A063A /* Project object */ = {
			isa = PBXProject;
			attributes = {
				LastSwiftUpdateCheck = 1100;
				LastUpgradeCheck = 1100;
				ORGANIZATIONNAME = "Aman Aggarwal";
				TargetAttributes = {
					DC64411423AE13C0004A063A = {
						CreatedOnToolsVersion = 11.0;
					};
				};
			};
			buildConfigurationList = DC64411023AE13C0004A063A /* Build configuration list for PBXProject "MVVM-DesignPattern" */;
			compatibilityVersion = "Xcode 9.3";
			developmentRegion = en;
			hasScannedForEncodings = 0;
			knownRegions = (
				en,
				Base,
			);
			mainGroup = DC64410C23AE13C0004A063A;
			productRefGroup = DC64411623AE13C0004A063A /* Products */;
			projectDirPath = "";
			projectRoot = "";
			targets = (
				DC64411423AE13C0004A063A /* MVVM-DesignPattern */,
			);
		};
/* End PBXProject section */

/* Begin PBXResourcesBuildPhase section */
		DC64411323AE13C0004A063A /* Resources */ = {
			isa = PBXResourcesBuildPhase;
			buildActionMask = 2147483647;
			files = (
				DC64412523AE13C2004A063A /* LaunchScreen.storyboard in Resources */,
				DC64412223AE13C2004A063A /* Assets.xcassets in Resources */,
				DC64412023AE13C1004A063A /* Main.storyboard in Resources */,
			);
			runOnlyForDeploymentPostprocessing = 0;
		};
/* End PBXResourcesBuildPhase section */

/* Begin PBXSourcesBuildPhase section */
		DC64411123AE13C0004A063A /* Sources */ = {
			isa = PBXSourcesBuildPhase;
			buildActionMask = 2147483647;
			files = (
				DC9EF6BA23AF4B340095CF35 /* User.swift in Sources */,
				DC64411D23AE13C1004A063A /* ViewController.swift in Sources */,
				DC64411923AE13C0004A063A /* AppDelegate.swift in Sources */,
				DC64411B23AE13C0004A063A /* SceneDelegate.swift in Sources */,
				DC9EF6BC23AF4B820095CF35 /* AuthenticationVM.swift in Sources */,
			);
			runOnlyForDeploymentPostprocessing = 0;
		};
/* End PBXSourcesBuildPhase section */

/* Begin PBXVariantGroup section */
		DC64411E23AE13C1004A063A /* Main.storyboard */ = {
			isa = PBXVariantGroup;
			children = (
				DC64411F23AE13C1004A063A /* Base */,
			);
			name = Main.storyboard;
			sourceTree = "<group>";
		};
		DC64412323AE13C2004A063A /* LaunchScreen.storyboard */ = {
			isa = PBXVariantGroup;
			children = (
				DC64412423AE13C2004A063A /* Base */,
			);
			name = LaunchScreen.storyboard;
			sourceTree = "<group>";
		};
/* End PBXVariantGroup section */

/* Begin XCBuildConfiguration section */
		DC64412723AE13C2004A063A /* Debug */ = {
			isa = XCBuildConfiguration;
			buildSettings = {
				ALWAYS_SEARCH_USER_PATHS = NO;
				CLANG_ANALYZER_NONNULL = YES;
				CLANG_ANALYZER_NUMBER_OBJECT_CONVERSION = YES_AGGRESSIVE;
				CLANG_CXX_LANGUAGE_STANDARD = "gnu++14";
				CLANG_CXX_LIBRARY = "libc++";
				CLANG_ENABLE_MODULES = YES;
				CLANG_ENABLE_OBJC_ARC = YES;
				CLANG_ENABLE_OBJC_WEAK = YES;
				CLANG_WARN_BLOCK_CAPTURE_AUTORELEASING = YES;
				CLANG_WARN_BOOL_CONVERSION = YES;
				CLANG_WARN_COMMA = YES;
				CLANG_WARN_CONSTANT_CONVERSION = YES;
				CLANG_WARN_DEPRECATED_OBJC_IMPLEMENTATIONS = YES;
				CLANG_WARN_DIRECT_OBJC_ISA_USAGE = YES_ERROR;
				CLANG_WARN_DOCUMENTATION_COMMENTS = YES;
				CLANG_WARN_EMPTY_BODY = YES;
				CLANG_WARN_ENUM_CONVERSION = YES;
				CLANG_WARN_INFINITE_RECURSION = YES;
				CLANG_WARN_INT_CONVERSION = YES;
				CLANG_WARN_NON_LITERAL_NULL_CONVERSION = YES;
				CLANG_WARN_OBJC_IMPLICIT_RETAIN_SELF = YES;
				CLANG_WARN_OBJC_LITERAL_CONVERSION = YES;
				CLANG_WARN_OBJC_ROOT_CLASS = YES_ERROR;
				CLANG_WARN_RANGE_LOOP_ANALYSIS = YES;
				CLANG_WARN_STRICT_PROTOTYPES = YES;
				CLANG_WARN_SUSPICIOUS_MOVE = YES;
				CLANG_WARN_UNGUARDED_AVAILABILITY = YES_AGGRESSIVE;
				CLANG_WARN_UNREACHABLE_CODE = YES;
				CLANG_WARN__DUPLICATE_METHOD_MATCH = YES;
				COPY_PHASE_STRIP = NO;
				DEBUG_INFORMATION_FORMAT = dwarf;
				ENABLE_STRICT_OBJC_MSGSEND = YES;
				ENABLE_TESTABILITY = YES;
				GCC_C_LANGUAGE_STANDARD = gnu11;
				GCC_DYNAMIC_NO_PIC = NO;
				GCC_NO_COMMON_BLOCKS = YES;
				GCC_OPTIMIZATION_LEVEL = 0;
				GCC_PREPROCESSOR_DEFINITIONS = (
					"DEBUG=1",
					"$(inherited)",
				);
				GCC_WARN_64_TO_32_BIT_CONVERSION = YES;
				GCC_WARN_ABOUT_RETURN_TYPE = YES_ERROR;
				GCC_WARN_UNDECLARED_SELECTOR = YES;
				GCC_WARN_UNINITIALIZED_AUTOS = YES_AGGRESSIVE;
				GCC_WARN_UNUSED_FUNCTION = YES;
				GCC_WARN_UNUSED_VARIABLE = YES;
				IPHONEOS_DEPLOYMENT_TARGET = 13.0;
				MTL_ENABLE_DEBUG_INFO = INCLUDE_SOURCE;
				MTL_FAST_MATH = YES;
				ONLY_ACTIVE_ARCH = YES;
				SDKROOT = iphoneos;
				SWIFT_ACTIVE_COMPILATION_CONDITIONS = DEBUG;
				SWIFT_OPTIMIZATION_LEVEL = "-Onone";
			};
			name = Debug;
		};
		DC64412823AE13C2004A063A /* Release */ = {
			isa = XCBuildConfiguration;
			buildSettings = {
				ALWAYS_SEARCH_USER_PATHS = NO;
				CLANG_ANALYZER_NONNULL = YES;
				CLANG_ANALYZER_NUMBER_OBJECT_CONVERSION = YES_AGGRESSIVE;
				CLANG_CXX_LANGUAGE_STANDARD = "gnu++14";
				CLANG_CXX_LIBRARY = "libc++";
				CLANG_ENABLE_MODULES = YES;
				CLANG_ENABLE_OBJC_ARC = YES;
				CLANG_ENABLE_OBJC_WEAK = YES;
				CLANG_WARN_BLOCK_CAPTURE_AUTORELEASING = YES;
				CLANG_WARN_BOOL_CONVERSION = YES;
				CLANG_WARN_COMMA = YES;
				CLANG_WARN_CONSTANT_CONVERSION = YES;
				CLANG_WARN_DEPRECATED_OBJC_IMPLEMENTATIONS = YES;
				CLANG_WARN_DIRECT_OBJC_ISA_USAGE = YES_ERROR;
				CLANG_WARN_DOCUMENTATION_COMMENTS = YES;
				CLANG_WARN_EMPTY_BODY = YES;
				CLANG_WARN_ENUM_CONVERSION = YES;
				CLANG_WARN_INFINITE_RECURSION = YES;
				CLANG_WARN_INT_CONVERSION = YES;
				CLANG_WARN_NON_LITERAL_NULL_CONVERSION = YES;
				CLANG_WARN_OBJC_IMPLICIT_RETAIN_SELF = YES;
				CLANG_WARN_OBJC_LITERAL_CONVERSION = YES;
				CLANG_WARN_OBJC_ROOT_CLASS = YES_ERROR;
				CLANG_WARN_RANGE_LOOP_ANALYSIS = YES;
				CLANG_WARN_STRICT_PROTOTYPES = YES;
				CLANG_WARN_SUSPICIOUS_MOVE = YES;
				CLANG_WARN_UNGUARDED_AVAILABILITY = YES_AGGRESSIVE;
				CLANG_WARN_UNREACHABLE_CODE = YES;
				CLANG_WARN__DUPLICATE_METHOD_MATCH = YES;
				COPY_PHASE_STRIP = NO;
				DEBUG_INFORMATION_FORMAT = "dwarf-with-dsym";
				ENABLE_NS_ASSERTIONS = NO;
				ENABLE_STRICT_OBJC_MSGSEND = YES;
				GCC_C_LANGUAGE_STANDARD = gnu11;
				GCC_NO_COMMON_BLOCKS = YES;
				GCC_WARN_64_TO_32_BIT_CONVERSION = YES;
				GCC_WARN_ABOUT_RETURN_TYPE = YES_ERROR;
				GCC_WARN_UNDECLARED_SELECTOR = YES;
				GCC_WARN_UNINITIALIZED_AUTOS = YES_AGGRESSIVE;
				GCC_WARN_UNUSED_FUNCTION = YES;
				GCC_WARN_UNUSED_VARIABLE = YES;
				IPHONEOS_DEPLOYMENT_TARGET = 13.0;
				MTL_ENABLE_DEBUG_INFO = NO;
				MTL_FAST_MATH = YES;
				SDKROOT = iphoneos;
				SWIFT_COMPILATION_MODE = wholemodule;
				SWIFT_OPTIMIZATION_LEVEL = "-O";
				VALIDATE_PRODUCT = YES;
			};
			name = Release;
		};
		DC64412A23AE13C2004A063A /* Debug */ = {
			isa = XCBuildConfiguration;
			buildSettings = {
				ASSETCATALOG_COMPILER_APPICON_NAME = AppIcon;
				CODE_SIGN_STYLE = Automatic;
				INFOPLIST_FILE = "MVVM-DesignPattern/Info.plist";
				LD_RUNPATH_SEARCH_PATHS = (
					"$(inherited)",
					"@executable_path/Frameworks",
				);
				PRODUCT_BUNDLE_IDENTIFIER = "com.iostutorialjunction.MVVM-DesignPattern";
				PRODUCT_NAME = "$(TARGET_NAME)";
				SWIFT_VERSION = 5.0;
				TARGETED_DEVICE_FAMILY = "1,2";
			};
			name = Debug;
		};
		DC64412B23AE13C2004A063A /* Release */ = {
			isa = XCBuildConfiguration;
			buildSettings = {
				ASSETCATALOG_COMPILER_APPICON_NAME = AppIcon;
				CODE_SIGN_STYLE = Automatic;
				INFOPLIST_FILE = "MVVM-DesignPattern/Info.plist";
				LD_RUNPATH_SEARCH_PATHS = (
					"$(inherited)",
					"@executable_path/Frameworks",
				);
				PRODUCT_BUNDLE_IDENTIFIER = "com.iostutorialjunction.MVVM-DesignPattern";
				PRODUCT_NAME = "$(TARGET_NAME)";
				SWIFT_VERSION = 5.0;
				TARGETED_DEVICE_FAMILY = "1,2";
			};
			name = Release;
		};
/* End XCBuildConfiguration section */

/* Begin XCConfigurationList section */
		DC64411023AE13C0004A063A /* Build configuration list for PBXProject "MVVM-DesignPattern" */ = {
			isa = XCConfigurationList;
			buildConfigurations = (
				DC64412723AE13C2004A063A /* Debug */,
				DC64412823AE13C2004A063A /* Release */,
			);
			defaultConfigurationIsVisible = 0;
			defaultConfigurationName = Release;
		};
		DC64412923AE13C2004A063A /* Build configuration list for PBXNativeTarget "MVVM-DesignPattern" */ = {
			isa = XCConfigurationList;
			buildConfigurations = (
				DC64412A23AE13C2004A063A /* Debug */,
				DC64412B23AE13C2004A063A /* Release */,
			);
			defaultConfigurationIsVisible = 0;
			defaultConfigurationName = Release;
		};
/* End XCConfigurationList section */
	};
	rootObject = DC64410D23AE13C0004A063A /* Project object */;
}
